<?xml version="1.0" encoding="utf-8"?>
<Project ToolsVersion="4.0" xmlns="http://schemas.microsoft.com/developer/msbuild/2003">
  <ItemGroup>
    <Filter Include="ソース ファイル">
      <UniqueIdentifier>{4FC737F1-C7A5-4376-A066-2A32D752A2FF}</UniqueIdentifier>
      <Extensions>cpp;c;cc;cxx;c++;cppm;ixx;def;odl;idl;hpj;bat;asm;asmx</Extensions>
    </Filter>
    <Filter Include="ヘッダー ファイル">
      <UniqueIdentifier>{93995380-89BD-4b04-88EB-625FBE52EBFB}</UniqueIdentifier>
      <Extensions>h;hh;hpp;hxx;h++;hm;inl;inc;ipp;xsd</Extensions>
    </Filter>
    <Filter Include="リソース ファイル">
      <UniqueIdentifier>{67DA6AB6-F800-4c08-8B7A-83BB121AAD01}</UniqueIdentifier>
      <Extensions>rc;ico;cur;bmp;dlg;rc2;rct;bin;rgs;gif;jpg;jpeg;jpe;resx;tiff;tif;png;wav;mfcribbon-ms</Extensions>
    </Filter>
    <Filter Include="ソース ファイル\Memo">
      <UniqueIdentifier>{86f08235-6bfe-49cb-8297-894ef3f1f1ff}</UniqueIdentifier>
    </Filter>
  </ItemGroup>
  <ItemGroup>
    <ClCompile Include="Aseets\Programs\Memo\DownloadFileMemo.cpp">
      <Filter>ソース ファイル\Memo</Filter>
    </ClCompile>
    <ClCompile Include="Aseets\Programs\Memo\CppFormatMemo.cpp">
      <Filter>ソース ファイル\Memo</Filter>
    </ClCompile>
    <ClCompile Include="Aseets\Programs\Memo\HppFormatMemo.cpp">
      <Filter>ソース ファイル\Memo</Filter>
    </ClCompile>
    <ClCompile Include="Aseets\Programs\Memo\CppSingleFormatMemo.cpp">
      <Filter>ソース ファイル\Memo</Filter>
    </ClCompile>
    <ClCompile Include="Aseets\Programs\Memo\HppSingleFormatMemo.cpp">
      <Filter>ソース ファイル\Memo</Filter>
    </ClCompile>
    <ClCompile Include="Aseets\Programs\Memo\CppClassFormatMemo.cpp">
      <Filter>ソース ファイル\Memo</Filter>
    </ClCompile>
    <ClCompile Include="Aseets\Programs\Memo\HppClassFormatMemo.cpp">
      <Filter>ソース ファイル\Memo</Filter>
    </ClCompile>
    <ClCompile Include="Aseets\Programs\FPS.cpp">
      <Filter>ソース ファイル</Filter>
    </ClCompile>
    <ClCompile Include="Aseets\Programs\keyboard.cpp">
      <Filter>ソース ファイル</Filter>
    </ClCompile>
    <ClCompile Include="Aseets\Programs\main.cpp">
      <Filter>ソース ファイル</Filter>
    </ClCompile>
    <ClCompile Include="Aseets\Programs\mouse.cpp">
      <Filter>ソース ファイル</Filter>
    </ClCompile>
    <ClCompile Include="Aseets\Programs\shape.cpp">
      <Filter>ソース ファイル</Filter>
    </ClCompile>
    <ClCompile Include="Aseets\Programs\Font.cpp">
      <Filter>ソース ファイル</Filter>
    </ClCompile>
    <ClCompile Include="Aseets\Programs\Data.cpp">
      <Filter>ソース ファイル</Filter>
    </ClCompile>
  </ItemGroup>
  <ItemGroup>
    <ClInclude Include="Aseets\Programs\FPS.h">
      <Filter>ヘッダー ファイル</Filter>
    </ClInclude>
    <ClInclude Include="Aseets\Programs\keyboard.h">
      <Filter>ヘッダー ファイル</Filter>
    </ClInclude>
    <ClInclude Include="Aseets\Programs\mouse.h">
      <Filter>ヘッダー ファイル</Filter>
    </ClInclude>
    <ClInclude Include="Aseets\Programs\shape.h">
      <Filter>ヘッダー ファイル</Filter>
    </ClInclude>
    <ClInclude Include="Aseets\Programs\game.h">
      <Filter>ヘッダー ファイル</Filter>
    </ClInclude>
    <ClInclude Include="resource.h">
      <Filter>ヘッダー ファイル</Filter>
    </ClInclude>
    <ClInclude Include="Aseets\Programs\Font.h">
      <Filter>ヘッダー ファイル</Filter>
    </ClInclude>
    <ClInclude Include="Aseets\Programs\Data.h">
      <Filter>ヘッダー ファイル</Filter>
    </ClInclude>
  </ItemGroup>
  <ItemGroup>
    <Image Include="Aseets\Icons\game.ico">
      <Filter>リソース ファイル</Filter>
    </Image>
    <Image Include="Aseets\Images\baku1.png">
      <Filter>リソース ファイル</Filter>
    </Image>
    <Image Include="Aseets\Images\charachip.png">
      <Filter>リソース ファイル</Filter>
    </Image>
    <Image Include="Aseets\Images\player.png">
      <Filter>リソース ファイル</Filter>
    </Image>
  </ItemGroup>
  <ItemGroup>
    <Media Include="Aseets\Audios\ブリキのPARADE.mp3">
      <Filter>リソース ファイル</Filter>
    </Media>
  </ItemGroup>
  <ItemGroup>
    <ResourceCompile Include="make0903.rc">
      <Filter>リソース ファイル</Filter>
    </ResourceCompile>
    <ResourceCompile Include="Aseets\Icons\resource.rc">
      <Filter>リソース ファイル</Filter>
    </ResourceCompile>
  </ItemGroup>
</Project>